// !$*UTF8*$!
{
	archiveVersion = 1;
	classes = {
	};
	objectVersion = 55;
	objects = {

/* Begin PBXBuildFile section */
		7FB1088705E884E3069111B0 /* Pods_ExMoya.framework in Frameworks */ = {isa = PBXBuildFile; fileRef = 47BC109D21C0EC94ECC0C015 /* Pods_ExMoya.framework */; };
		C61F719E2766F80100BC3C3D /* String.swift in Sources */ = {isa = PBXBuildFile; fileRef = C61F719D2766F80100BC3C3D /* String.swift */; };
		C6CFCB3B276352BF00F06772 /* AppDelegate.swift in Sources */ = {isa = PBXBuildFile; fileRef = C6CFCB3A276352BF00F06772 /* AppDelegate.swift */; };
		C6CFCB3D276352BF00F06772 /* SceneDelegate.swift in Sources */ = {isa = PBXBuildFile; fileRef = C6CFCB3C276352BF00F06772 /* SceneDelegate.swift */; };
		C6CFCB3F276352BF00F06772 /* ViewController.swift in Sources */ = {isa = PBXBuildFile; fileRef = C6CFCB3E276352BF00F06772 /* ViewController.swift */; };
		C6CFCB42276352BF00F06772 /* Main.storyboard in Resources */ = {isa = PBXBuildFile; fileRef = C6CFCB40276352BF00F06772 /* Main.storyboard */; };
		C6CFCB44276352C100F06772 /* Assets.xcassets in Resources */ = {isa = PBXBuildFile; fileRef = C6CFCB43276352C100F06772 /* Assets.xcassets */; };
		C6CFCB47276352C100F06772 /* LaunchScreen.storyboard in Resources */ = {isa = PBXBuildFile; fileRef = C6CFCB45276352C100F06772 /* LaunchScreen.storyboard */; };
		C6CFCB502763540600F06772 /* MyAPI.swift in Sources */ = {isa = PBXBuildFile; fileRef = C6CFCB4F2763540600F06772 /* MyAPI.swift */; };
		C6CFCB52276357C900F06772 /* MyAPI+Task.swift in Sources */ = {isa = PBXBuildFile; fileRef = C6CFCB51276357C900F06772 /* MyAPI+Task.swift */; };
		C6CFCB5427635AE800F06772 /* MyAPI+Request.swift in Sources */ = {isa = PBXBuildFile; fileRef = C6CFCB5327635AE800F06772 /* MyAPI+Request.swift */; };
		C6CFCB962764E40700F06772 /* MyAPI+Path.swift in Sources */ = {isa = PBXBuildFile; fileRef = C6CFCB952764E40700F06772 /* MyAPI+Path.swift */; };
		C6CFCB982764E4EE00F06772 /* MyAPI+BaseURL.swift in Sources */ = {isa = PBXBuildFile; fileRef = C6CFCB972764E4EE00F06772 /* MyAPI+BaseURL.swift */; };
		C6CFCB9A2764E57200F06772 /* MyAPI+Method.swift in Sources */ = {isa = PBXBuildFile; fileRef = C6CFCB992764E57200F06772 /* MyAPI+Method.swift */; };
		C6CFCB9D2764E79A00F06772 /* PhotoRequest.swift in Sources */ = {isa = PBXBuildFile; fileRef = C6CFCB9C2764E79A00F06772 /* PhotoRequest.swift */; };
		C6CFCB9F2764E89300F06772 /* ModelType.swift in Sources */ = {isa = PBXBuildFile; fileRef = C6CFCB9E2764E89300F06772 /* ModelType.swift */; };
		C6CFCBA22764F32500F06772 /* Moya+NetworkError.swift in Sources */ = {isa = PBXBuildFile; fileRef = C6CFCBA12764F32500F06772 /* Moya+NetworkError.swift */; };
		C6CFCBCA2766446D00F06772 /* UIView.swift in Sources */ = {isa = PBXBuildFile; fileRef = C6CFCBC92766446D00F06772 /* UIView.swift */; };
		C6CFCBCD276646BB00F06772 /* Photo.swift in Sources */ = {isa = PBXBuildFile; fileRef = C6CFCBCC276646BB00F06772 /* Photo.swift */; };
		C6CFCBCF2766497C00F06772 /* PhotoSection.swift in Sources */ = {isa = PBXBuildFile; fileRef = C6CFCBCE2766497C00F06772 /* PhotoSection.swift */; };
		C6CFCBD227664ABC00F06772 /* PhotoCell.swift in Sources */ = {isa = PBXBuildFile; fileRef = C6CFCBD127664ABC00F06772 /* PhotoCell.swift */; };
		C6CFCBD42766503600F06772 /* UIImageView+Kingfisher.swift in Sources */ = {isa = PBXBuildFile; fileRef = C6CFCBD32766503600F06772 /* UIImageView+Kingfisher.swift */; };
		C6CFCBD62766573F00F06772 /* RxOperation.swift in Sources */ = {isa = PBXBuildFile; fileRef = C6CFCBD52766573F00F06772 /* RxOperation.swift */; };
/* End PBXBuildFile section */

/* Begin PBXFileReference section */
		13A3ED141D2DB91FFEEFB3B6 /* Pods-ExMoya.debug.xcconfig */ = {isa = PBXFileReference; includeInIndex = 1; lastKnownFileType = text.xcconfig; name = "Pods-ExMoya.debug.xcconfig"; path = "Target Support Files/Pods-ExMoya/Pods-ExMoya.debug.xcconfig"; sourceTree = "<group>"; };
		47BC109D21C0EC94ECC0C015 /* Pods_ExMoya.framework */ = {isa = PBXFileReference; explicitFileType = wrapper.framework; includeInIndex = 0; path = Pods_ExMoya.framework; sourceTree = BUILT_PRODUCTS_DIR; };
		C61F719D2766F80100BC3C3D /* String.swift */ = {isa = PBXFileReference; lastKnownFileType = sourcecode.swift; path = String.swift; sourceTree = "<group>"; };
		C6CFCB37276352BF00F06772 /* ExMoya.app */ = {isa = PBXFileReference; explicitFileType = wrapper.application; includeInIndex = 0; path = ExMoya.app; sourceTree = BUILT_PRODUCTS_DIR; };
		C6CFCB3A276352BF00F06772 /* AppDelegate.swift */ = {isa = PBXFileReference; lastKnownFileType = sourcecode.swift; path = AppDelegate.swift; sourceTree = "<group>"; };
		C6CFCB3C276352BF00F06772 /* SceneDelegate.swift */ = {isa = PBXFileReference; lastKnownFileType = sourcecode.swift; path = SceneDelegate.swift; sourceTree = "<group>"; };
		C6CFCB3E276352BF00F06772 /* ViewController.swift */ = {isa = PBXFileReference; lastKnownFileType = sourcecode.swift; path = ViewController.swift; sourceTree = "<group>"; };
		C6CFCB41276352BF00F06772 /* Base */ = {isa = PBXFileReference; lastKnownFileType = file.storyboard; name = Base; path = Base.lproj/Main.storyboard; sourceTree = "<group>"; };
		C6CFCB43276352C100F06772 /* Assets.xcassets */ = {isa = PBXFileReference; lastKnownFileType = folder.assetcatalog; path = Assets.xcassets; sourceTree = "<group>"; };
		C6CFCB46276352C100F06772 /* Base */ = {isa = PBXFileReference; lastKnownFileType = file.storyboard; name = Base; path = Base.lproj/LaunchScreen.storyboard; sourceTree = "<group>"; };
		C6CFCB48276352C100F06772 /* Info.plist */ = {isa = PBXFileReference; lastKnownFileType = text.plist.xml; path = Info.plist; sourceTree = "<group>"; };
		C6CFCB4F2763540600F06772 /* MyAPI.swift */ = {isa = PBXFileReference; lastKnownFileType = sourcecode.swift; path = MyAPI.swift; sourceTree = "<group>"; };
		C6CFCB51276357C900F06772 /* MyAPI+Task.swift */ = {isa = PBXFileReference; lastKnownFileType = sourcecode.swift; path = "MyAPI+Task.swift"; sourceTree = "<group>"; };
		C6CFCB5327635AE800F06772 /* MyAPI+Request.swift */ = {isa = PBXFileReference; lastKnownFileType = sourcecode.swift; path = "MyAPI+Request.swift"; sourceTree = "<group>"; };
		C6CFCB952764E40700F06772 /* MyAPI+Path.swift */ = {isa = PBXFileReference; lastKnownFileType = sourcecode.swift; path = "MyAPI+Path.swift"; sourceTree = "<group>"; };
		C6CFCB972764E4EE00F06772 /* MyAPI+BaseURL.swift */ = {isa = PBXFileReference; lastKnownFileType = sourcecode.swift; path = "MyAPI+BaseURL.swift"; sourceTree = "<group>"; };
		C6CFCB992764E57200F06772 /* MyAPI+Method.swift */ = {isa = PBXFileReference; lastKnownFileType = sourcecode.swift; path = "MyAPI+Method.swift"; sourceTree = "<group>"; };
		C6CFCB9C2764E79A00F06772 /* PhotoRequest.swift */ = {isa = PBXFileReference; lastKnownFileType = sourcecode.swift; path = PhotoRequest.swift; sourceTree = "<group>"; };
		C6CFCB9E2764E89300F06772 /* ModelType.swift */ = {isa = PBXFileReference; lastKnownFileType = sourcecode.swift; path = ModelType.swift; sourceTree = "<group>"; };
		C6CFCBA12764F32500F06772 /* Moya+NetworkError.swift */ = {isa = PBXFileReference; lastKnownFileType = sourcecode.swift; path = "Moya+NetworkError.swift"; sourceTree = "<group>"; };
		C6CFCBC92766446D00F06772 /* UIView.swift */ = {isa = PBXFileReference; lastKnownFileType = sourcecode.swift; path = UIView.swift; sourceTree = "<group>"; };
		C6CFCBCC276646BB00F06772 /* Photo.swift */ = {isa = PBXFileReference; lastKnownFileType = sourcecode.swift; path = Photo.swift; sourceTree = "<group>"; };
		C6CFCBCE2766497C00F06772 /* PhotoSection.swift */ = {isa = PBXFileReference; lastKnownFileType = sourcecode.swift; path = PhotoSection.swift; sourceTree = "<group>"; };
		C6CFCBD127664ABC00F06772 /* PhotoCell.swift */ = {isa = PBXFileReference; lastKnownFileType = sourcecode.swift; path = PhotoCell.swift; sourceTree = "<group>"; };
		C6CFCBD32766503600F06772 /* UIImageView+Kingfisher.swift */ = {isa = PBXFileReference; lastKnownFileType = sourcecode.swift; path = "UIImageView+Kingfisher.swift"; sourceTree = "<group>"; };
		C6CFCBD52766573F00F06772 /* RxOperation.swift */ = {isa = PBXFileReference; lastKnownFileType = sourcecode.swift; path = RxOperation.swift; sourceTree = "<group>"; };
		D06633D096FB141543E018A1 /* Pods-ExMoya.release.xcconfig */ = {isa = PBXFileReference; includeInIndex = 1; lastKnownFileType = text.xcconfig; name = "Pods-ExMoya.release.xcconfig"; path = "Target Support Files/Pods-ExMoya/Pods-ExMoya.release.xcconfig"; sourceTree = "<group>"; };
/* End PBXFileReference section */

/* Begin PBXFrameworksBuildPhase section */
		C6CFCB34276352BF00F06772 /* Frameworks */ = {
			isa = PBXFrameworksBuildPhase;
			buildActionMask = 2147483647;
			files = (
				7FB1088705E884E3069111B0 /* Pods_ExMoya.framework in Frameworks */,
			);
			runOnlyForDeploymentPostprocessing = 0;
		};
/* End PBXFrameworksBuildPhase section */

/* Begin PBXGroup section */
		2A28E77F651EDBC182383DFE /* Pods */ = {
			isa = PBXGroup;
			children = (
				13A3ED141D2DB91FFEEFB3B6 /* Pods-ExMoya.debug.xcconfig */,
				D06633D096FB141543E018A1 /* Pods-ExMoya.release.xcconfig */,
			);
			path = Pods;
			sourceTree = "<group>";
		};
		C61F719F27672F9800BC3C3D /* Section */ = {
			isa = PBXGroup;
			children = (
				C6CFCBCE2766497C00F06772 /* PhotoSection.swift */,
			);
			path = Section;
			sourceTree = "<group>";
		};
		C6CFCB2E276352BE00F06772 = {
			isa = PBXGroup;
			children = (
				C6CFCB39276352BF00F06772 /* ExMoya */,
				C6CFCB38276352BF00F06772 /* Products */,
				2A28E77F651EDBC182383DFE /* Pods */,
				EC1CFBD499809E85A1AE53A2 /* Frameworks */,
			);
			sourceTree = "<group>";
		};
		C6CFCB38276352BF00F06772 /* Products */ = {
			isa = PBXGroup;
			children = (
				C6CFCB37276352BF00F06772 /* ExMoya.app */,
			);
			name = Products;
			sourceTree = "<group>";
		};
		C6CFCB39276352BF00F06772 /* ExMoya */ = {
			isa = PBXGroup;
			children = (
				C61F719F27672F9800BC3C3D /* Section */,
				C6CFCBC82766445800F06772 /* Utils */,
				C6CFCBD027664AAF00F06772 /* Views */,
				C6CFCB9B2764E79300F06772 /* Model */,
				C6CFCB4E276353D200F06772 /* Networking */,
				C6CFCB3A276352BF00F06772 /* AppDelegate.swift */,
				C6CFCB3C276352BF00F06772 /* SceneDelegate.swift */,
				C6CFCB3E276352BF00F06772 /* ViewController.swift */,
				C6CFCB40276352BF00F06772 /* Main.storyboard */,
				C6CFCB43276352C100F06772 /* Assets.xcassets */,
				C6CFCB45276352C100F06772 /* LaunchScreen.storyboard */,
				C6CFCB48276352C100F06772 /* Info.plist */,
			);
			path = ExMoya;
			sourceTree = "<group>";
		};
		C6CFCB4E276353D200F06772 /* Networking */ = {
			isa = PBXGroup;
			children = (
				C6CFCBA02764F30E00F06772 /* Common */,
				C6CFCB972764E4EE00F06772 /* MyAPI+BaseURL.swift */,
				C6CFCB992764E57200F06772 /* MyAPI+Method.swift */,
				C6CFCB952764E40700F06772 /* MyAPI+Path.swift */,
				C6CFCB5327635AE800F06772 /* MyAPI+Request.swift */,
				C6CFCB51276357C900F06772 /* MyAPI+Task.swift */,
				C6CFCB4F2763540600F06772 /* MyAPI.swift */,
			);
			path = Networking;
			sourceTree = "<group>";
		};
		C6CFCB9B2764E79300F06772 /* Model */ = {
			isa = PBXGroup;
			children = (
				C6CFCBCB2766461800F06772 /* Request */,
				C6CFCB9E2764E89300F06772 /* ModelType.swift */,
				C6CFCBCC276646BB00F06772 /* Photo.swift */,
			);
			path = Model;
			sourceTree = "<group>";
		};
		C6CFCBA02764F30E00F06772 /* Common */ = {
			isa = PBXGroup;
			children = (
				C6CFCBA12764F32500F06772 /* Moya+NetworkError.swift */,
			);
			path = Common;
			sourceTree = "<group>";
		};
		C6CFCBC82766445800F06772 /* Utils */ = {
			isa = PBXGroup;
			children = (
				C6CFCBC92766446D00F06772 /* UIView.swift */,
				C6CFCBD32766503600F06772 /* UIImageView+Kingfisher.swift */,
				C6CFCBD52766573F00F06772 /* RxOperation.swift */,
				C61F719D2766F80100BC3C3D /* String.swift */,
			);
			path = Utils;
			sourceTree = "<group>";
		};
		C6CFCBCB2766461800F06772 /* Request */ = {
			isa = PBXGroup;
			children = (
				C6CFCB9C2764E79A00F06772 /* PhotoRequest.swift */,
			);
			path = Request;
			sourceTree = "<group>";
		};
		C6CFCBD027664AAF00F06772 /* Views */ = {
			isa = PBXGroup;
			children = (
				C6CFCBD127664ABC00F06772 /* PhotoCell.swift */,
			);
			path = Views;
			sourceTree = "<group>";
		};
		EC1CFBD499809E85A1AE53A2 /* Frameworks */ = {
			isa = PBXGroup;
			children = (
				47BC109D21C0EC94ECC0C015 /* Pods_ExMoya.framework */,
			);
			name = Frameworks;
			sourceTree = "<group>";
		};
/* End PBXGroup section */

/* Begin PBXNativeTarget section */
		C6CFCB36276352BF00F06772 /* ExMoya */ = {
			isa = PBXNativeTarget;
			buildConfigurationList = C6CFCB4B276352C100F06772 /* Build configuration list for PBXNativeTarget "ExMoya" */;
			buildPhases = (
				EBB22ED08D91A62A3A155A9B /* [CP] Check Pods Manifest.lock */,
				C6CFCB33276352BF00F06772 /* Sources */,
				C6CFCB34276352BF00F06772 /* Frameworks */,
				C6CFCB35276352BF00F06772 /* Resources */,
				9A0A618EF74BB26B1246B5CB /* [CP] Embed Pods Frameworks */,
			);
			buildRules = (
			);
			dependencies = (
			);
			name = ExMoya;
			productName = ExMoya;
			productReference = C6CFCB37276352BF00F06772 /* ExMoya.app */;
			productType = "com.apple.product-type.application";
		};
/* End PBXNativeTarget section */

/* Begin PBXProject section */
		C6CFCB2F276352BE00F06772 /* Project object */ = {
			isa = PBXProject;
			attributes = {
				BuildIndependentTargetsInParallel = 1;
				LastSwiftUpdateCheck = 1310;
				LastUpgradeCheck = 1310;
				TargetAttributes = {
					C6CFCB36276352BF00F06772 = {
						CreatedOnToolsVersion = 13.1;
					};
				};
			};
			buildConfigurationList = C6CFCB32276352BE00F06772 /* Build configuration list for PBXProject "ExMoya" */;
			compatibilityVersion = "Xcode 13.0";
			developmentRegion = en;
			hasScannedForEncodings = 0;
			knownRegions = (
				en,
				Base,
			);
			mainGroup = C6CFCB2E276352BE00F06772;
			productRefGroup = C6CFCB38276352BF00F06772 /* Products */;
			projectDirPath = "";
			projectRoot = "";
			targets = (
				C6CFCB36276352BF00F06772 /* ExMoya */,
			);
		};
/* End PBXProject section */

/* Begin PBXResourcesBuildPhase section */
		C6CFCB35276352BF00F06772 /* Resources */ = {
			isa = PBXResourcesBuildPhase;
			buildActionMask = 2147483647;
			files = (
				C6CFCB47276352C100F06772 /* LaunchScreen.storyboard in Resources */,
				C6CFCB44276352C100F06772 /* Assets.xcassets in Resources */,
				C6CFCB42276352BF00F06772 /* Main.storyboard in Resources */,
			);
			runOnlyForDeploymentPostprocessing = 0;
		};
/* End PBXResourcesBuildPhase section */

/* Begin PBXShellScriptBuildPhase section */
		9A0A618EF74BB26B1246B5CB /* [CP] Embed Pods Frameworks */ = {
			isa = PBXShellScriptBuildPhase;
			buildActionMask = 2147483647;
			files = (
			);
			inputFileListPaths = (
				"${PODS_ROOT}/Target Support Files/Pods-ExMoya/Pods-ExMoya-frameworks-${CONFIGURATION}-input-files.xcfilelist",
			);
			name = "[CP] Embed Pods Frameworks";
			outputFileListPaths = (
				"${PODS_ROOT}/Target Support Files/Pods-ExMoya/Pods-ExMoya-frameworks-${CONFIGURATION}-output-files.xcfilelist",
			);
			runOnlyForDeploymentPostprocessing = 0;
			shellPath = /bin/sh;
			shellScript = "\"${PODS_ROOT}/Target Support Files/Pods-ExMoya/Pods-ExMoya-frameworks.sh\"\n";
			showEnvVarsInLog = 0;
		};
		EBB22ED08D91A62A3A155A9B /* [CP] Check Pods Manifest.lock */ = {
			isa = PBXShellScriptBuildPhase;
			buildActionMask = 2147483647;
			files = (
			);
			inputFileListPaths = (
			);
			inputPaths = (
				"${PODS_PODFILE_DIR_PATH}/Podfile.lock",
				"${PODS_ROOT}/Manifest.lock",
			);
			name = "[CP] Check Pods Manifest.lock";
			outputFileListPaths = (
			);
			outputPaths = (
				"$(DERIVED_FILE_DIR)/Pods-ExMoya-checkManifestLockResult.txt",
			);
			runOnlyForDeploymentPostprocessing = 0;
			shellPath = /bin/sh;
			shellScript = "diff \"${PODS_PODFILE_DIR_PATH}/Podfile.lock\" \"${PODS_ROOT}/Manifest.lock\" > /dev/null\nif [ $? != 0 ] ; then\n    # print error to STDERR\n    echo \"error: The sandbox is not in sync with the Podfile.lock. Run 'pod install' or update your CocoaPods installation.\" >&2\n    exit 1\nfi\n# This output is used by Xcode 'outputs' to avoid re-running this script phase.\necho \"SUCCESS\" > \"${SCRIPT_OUTPUT_FILE_0}\"\n";
			showEnvVarsInLog = 0;
		};
/* End PBXShellScriptBuildPhase section */

/* Begin PBXSourcesBuildPhase section */
		C6CFCB33276352BF00F06772 /* Sources */ = {
			isa = PBXSourcesBuildPhase;
			buildActionMask = 2147483647;
			files = (
				C61F719E2766F80100BC3C3D /* String.swift in Sources */,
				C6CFCBCD276646BB00F06772 /* Photo.swift in Sources */,
				C6CFCBCA2766446D00F06772 /* UIView.swift in Sources */,
				C6CFCB962764E40700F06772 /* MyAPI+Path.swift in Sources */,
				C6CFCB5427635AE800F06772 /* MyAPI+Request.swift in Sources */,
				C6CFCBD227664ABC00F06772 /* PhotoCell.swift in Sources */,
				C6CFCB3F276352BF00F06772 /* ViewController.swift in Sources */,
				C6CFCBD42766503600F06772 /* UIImageView+Kingfisher.swift in Sources */,
				C6CFCB9A2764E57200F06772 /* MyAPI+Method.swift in Sources */,
				C6CFCBA22764F32500F06772 /* Moya+NetworkError.swift in Sources */,
				C6CFCB3B276352BF00F06772 /* AppDelegate.swift in Sources */,
				C6CFCB52276357C900F06772 /* MyAPI+Task.swift in Sources */,
				C6CFCB9F2764E89300F06772 /* ModelType.swift in Sources */,
				C6CFCBCF2766497C00F06772 /* PhotoSection.swift in Sources */,
				C6CFCBD62766573F00F06772 /* RxOperation.swift in Sources */,
				C6CFCB9D2764E79A00F06772 /* PhotoRequest.swift in Sources */,
				C6CFCB502763540600F06772 /* MyAPI.swift in Sources */,
				C6CFCB3D276352BF00F06772 /* SceneDelegate.swift in Sources */,
				C6CFCB982764E4EE00F06772 /* MyAPI+BaseURL.swift in Sources */,
			);
			runOnlyForDeploymentPostprocessing = 0;
		};
/* End PBXSourcesBuildPhase section */

/* Begin PBXVariantGroup section */
		C6CFCB40276352BF00F06772 /* Main.storyboard */ = {
			isa = PBXVariantGroup;
			children = (
				C6CFCB41276352BF00F06772 /* Base */,
			);
			name = Main.storyboard;
			sourceTree = "<group>";
		};
		C6CFCB45276352C100F06772 /* LaunchScreen.storyboard */ = {
			isa = PBXVariantGroup;
			children = (
				C6CFCB46276352C100F06772 /* Base */,
			);
			name = LaunchScreen.storyboard;
			sourceTree = "<group>";
		};
/* End PBXVariantGroup section */

/* Begin XCBuildConfiguration section */
		C6CFCB49276352C100F06772 /* Debug */ = {
			isa = XCBuildConfiguration;
			buildSettings = {
				ALWAYS_SEARCH_USER_PATHS = NO;
				CLANG_ANALYZER_NONNULL = YES;
				CLANG_ANALYZER_NUMBER_OBJECT_CONVERSION = YES_AGGRESSIVE;
				CLANG_CXX_LANGUAGE_STANDARD = "gnu++17";
				CLANG_CXX_LIBRARY = "libc++";
				CLANG_ENABLE_MODULES = YES;
				CLANG_ENABLE_OBJC_ARC = YES;
				CLANG_ENABLE_OBJC_WEAK = YES;
				CLANG_WARN_BLOCK_CAPTURE_AUTORELEASING = YES;
				CLANG_WARN_BOOL_CONVERSION = YES;
				CLANG_WARN_COMMA = YES;
				CLANG_WARN_CONSTANT_CONVERSION = YES;
				CLANG_WARN_DEPRECATED_OBJC_IMPLEMENTATIONS = YES;
				CLANG_WARN_DIRECT_OBJC_ISA_USAGE = YES_ERROR;
				CLANG_WARN_DOCUMENTATION_COMMENTS = YES;
				CLANG_WARN_EMPTY_BODY = YES;
				CLANG_WARN_ENUM_CONVERSION = YES;
				CLANG_WARN_INFINITE_RECURSION = YES;
				CLANG_WARN_INT_CONVERSION = YES;
				CLANG_WARN_NON_LITERAL_NULL_CONVERSION = YES;
				CLANG_WARN_OBJC_IMPLICIT_RETAIN_SELF = YES;
				CLANG_WARN_OBJC_LITERAL_CONVERSION = YES;
				CLANG_WARN_OBJC_ROOT_CLASS = YES_ERROR;
				CLANG_WARN_QUOTED_INCLUDE_IN_FRAMEWORK_HEADER = YES;
				CLANG_WARN_RANGE_LOOP_ANALYSIS = YES;
				CLANG_WARN_STRICT_PROTOTYPES = YES;
				CLANG_WARN_SUSPICIOUS_MOVE = YES;
				CLANG_WARN_UNGUARDED_AVAILABILITY = YES_AGGRESSIVE;
				CLANG_WARN_UNREACHABLE_CODE = YES;
				CLANG_WARN__DUPLICATE_METHOD_MATCH = YES;
				COPY_PHASE_STRIP = NO;
				DEBUG_INFORMATION_FORMAT = dwarf;
				ENABLE_STRICT_OBJC_MSGSEND = YES;
				ENABLE_TESTABILITY = YES;
				GCC_C_LANGUAGE_STANDARD = gnu11;
				GCC_DYNAMIC_NO_PIC = NO;
				GCC_NO_COMMON_BLOCKS = YES;
				GCC_OPTIMIZATION_LEVEL = 0;
				GCC_PREPROCESSOR_DEFINITIONS = (
					"DEBUG=1",
					"$(inherited)",
				);
				GCC_WARN_64_TO_32_BIT_CONVERSION = YES;
				GCC_WARN_ABOUT_RETURN_TYPE = YES_ERROR;
				GCC_WARN_UNDECLARED_SELECTOR = YES;
				GCC_WARN_UNINITIALIZED_AUTOS = YES_AGGRESSIVE;
				GCC_WARN_UNUSED_FUNCTION = YES;
				GCC_WARN_UNUSED_VARIABLE = YES;
				IPHONEOS_DEPLOYMENT_TARGET = 15.0;
				MTL_ENABLE_DEBUG_INFO = INCLUDE_SOURCE;
				MTL_FAST_MATH = YES;
				ONLY_ACTIVE_ARCH = YES;
				SDKROOT = iphoneos;
				SWIFT_ACTIVE_COMPILATION_CONDITIONS = DEBUG;
				SWIFT_OPTIMIZATION_LEVEL = "-Onone";
			};
			name = Debug;
		};
		C6CFCB4A276352C100F06772 /* Release */ = {
			isa = XCBuildConfiguration;
			buildSettings = {
				ALWAYS_SEARCH_USER_PATHS = NO;
				CLANG_ANALYZER_NONNULL = YES;
				CLANG_ANALYZER_NUMBER_OBJECT_CONVERSION = YES_AGGRESSIVE;
				CLANG_CXX_LANGUAGE_STANDARD = "gnu++17";
				CLANG_CXX_LIBRARY = "libc++";
				CLANG_ENABLE_MODULES = YES;
				CLANG_ENABLE_OBJC_ARC = YES;
				CLANG_ENABLE_OBJC_WEAK = YES;
				CLANG_WARN_BLOCK_CAPTURE_AUTORELEASING = YES;
				CLANG_WARN_BOOL_CONVERSION = YES;
				CLANG_WARN_COMMA = YES;
				CLANG_WARN_CONSTANT_CONVERSION = YES;
				CLANG_WARN_DEPRECATED_OBJC_IMPLEMENTATIONS = YES;
				CLANG_WARN_DIRECT_OBJC_ISA_USAGE = YES_ERROR;
				CLANG_WARN_DOCUMENTATION_COMMENTS = YES;
				CLANG_WARN_EMPTY_BODY = YES;
				CLANG_WARN_ENUM_CONVERSION = YES;
				CLANG_WARN_INFINITE_RECURSION = YES;
				CLANG_WARN_INT_CONVERSION = YES;
				CLANG_WARN_NON_LITERAL_NULL_CONVERSION = YES;
				CLANG_WARN_OBJC_IMPLICIT_RETAIN_SELF = YES;
				CLANG_WARN_OBJC_LITERAL_CONVERSION = YES;
				CLANG_WARN_OBJC_ROOT_CLASS = YES_ERROR;
				CLANG_WARN_QUOTED_INCLUDE_IN_FRAMEWORK_HEADER = YES;
				CLANG_WARN_RANGE_LOOP_ANALYSIS = YES;
				CLANG_WARN_STRICT_PROTOTYPES = YES;
				CLANG_WARN_SUSPICIOUS_MOVE = YES;
				CLANG_WARN_UNGUARDED_AVAILABILITY = YES_AGGRESSIVE;
				CLANG_WARN_UNREACHABLE_CODE = YES;
				CLANG_WARN__DUPLICATE_METHOD_MATCH = YES;
				COPY_PHASE_STRIP = NO;
				DEBUG_INFORMATION_FORMAT = "dwarf-with-dsym";
				ENABLE_NS_ASSERTIONS = NO;
				ENABLE_STRICT_OBJC_MSGSEND = YES;
				GCC_C_LANGUAGE_STANDARD = gnu11;
				GCC_NO_COMMON_BLOCKS = YES;
				GCC_WARN_64_TO_32_BIT_CONVERSION = YES;
				GCC_WARN_ABOUT_RETURN_TYPE = YES_ERROR;
				GCC_WARN_UNDECLARED_SELECTOR = YES;
				GCC_WARN_UNINITIALIZED_AUTOS = YES_AGGRESSIVE;
				GCC_WARN_UNUSED_FUNCTION = YES;
				GCC_WARN_UNUSED_VARIABLE = YES;
				IPHONEOS_DEPLOYMENT_TARGET = 15.0;
				MTL_ENABLE_DEBUG_INFO = NO;
				MTL_FAST_MATH = YES;
				SDKROOT = iphoneos;
				SWIFT_COMPILATION_MODE = wholemodule;
				SWIFT_OPTIMIZATION_LEVEL = "-O";
				VALIDATE_PRODUCT = YES;
			};
			name = Release;
		};
		C6CFCB4C276352C100F06772 /* Debug */ = {
			isa = XCBuildConfiguration;
			baseConfigurationReference = 13A3ED141D2DB91FFEEFB3B6 /* Pods-ExMoya.debug.xcconfig */;
			buildSettings = {
				ASSETCATALOG_COMPILER_APPICON_NAME = AppIcon;
				ASSETCATALOG_COMPILER_GLOBAL_ACCENT_COLOR_NAME = AccentColor;
				CODE_SIGN_STYLE = Automatic;
				CURRENT_PROJECT_VERSION = 1;
				DEVELOPMENT_TEAM = V99UMBT63A;
				GENERATE_INFOPLIST_FILE = YES;
				INFOPLIST_FILE = ExMoya/Info.plist;
				INFOPLIST_KEY_UIApplicationSupportsIndirectInputEvents = YES;
				INFOPLIST_KEY_UILaunchStoryboardName = LaunchScreen;
				INFOPLIST_KEY_UIMainStoryboardFile = Main;
				INFOPLIST_KEY_UISupportedInterfaceOrientations_iPad = "UIInterfaceOrientationPortrait UIInterfaceOrientationPortraitUpsideDown UIInterfaceOrientationLandscapeLeft UIInterfaceOrientationLandscapeRight";
				INFOPLIST_KEY_UISupportedInterfaceOrientations_iPhone = "UIInterfaceOrientationPortrait UIInterfaceOrientationLandscapeLeft UIInterfaceOrientationLandscapeRight";
				LD_RUNPATH_SEARCH_PATHS = (
					"$(inherited)",
					"@executable_path/Frameworks",
				);
				MARKETING_VERSION = 1.0;
				PRODUCT_BUNDLE_IDENTIFIER = com.ExMoya;
				PRODUCT_NAME = "$(TARGET_NAME)";
				SWIFT_EMIT_LOC_STRINGS = YES;
				SWIFT_VERSION = 5.0;
				TARGETED_DEVICE_FAMILY = "1,2";
			};
			name = Debug;
		};
		C6CFCB4D276352C100F06772 /* Release */ = {
			isa = XCBuildConfiguration;
			baseConfigurationReference = D06633D096FB141543E018A1 /* Pods-ExMoya.release.xcconfig */;
			buildSettings = {
				ASSETCATALOG_COMPILER_APPICON_NAME = AppIcon;
				ASSETCATALOG_COMPILER_GLOBAL_ACCENT_COLOR_NAME = AccentColor;
				CODE_SIGN_STYLE = Automatic;
				CURRENT_PROJECT_VERSION = 1;
				DEVELOPMENT_TEAM = V99UMBT63A;
				GENERATE_INFOPLIST_FILE = YES;
				INFOPLIST_FILE = ExMoya/Info.plist;
				INFOPLIST_KEY_UIApplicationSupportsIndirectInputEvents = YES;
				INFOPLIST_KEY_UILaunchStoryboardName = LaunchScreen;
				INFOPLIST_KEY_UIMainStoryboardFile = Main;
				INFOPLIST_KEY_UISupportedInterfaceOrientations_iPad = "UIInterfaceOrientationPortrait UIInterfaceOrientationPortraitUpsideDown UIInterfaceOrientationLandscapeLeft UIInterfaceOrientationLandscapeRight";
				INFOPLIST_KEY_UISupportedInterfaceOrientations_iPhone = "UIInterfaceOrientationPortrait UIInterfaceOrientationLandscapeLeft UIInterfaceOrientationLandscapeRight";
				LD_RUNPATH_SEARCH_PATHS = (
					"$(inherited)",
					"@executable_path/Frameworks",
				);
				MARKETING_VERSION = 1.0;
				PRODUCT_BUNDLE_IDENTIFIER = com.ExMoya;
				PRODUCT_NAME = "$(TARGET_NAME)";
				SWIFT_EMIT_LOC_STRINGS = YES;
				SWIFT_VERSION = 5.0;
				TARGETED_DEVICE_FAMILY = "1,2";
			};
			name = Release;
		};
/* End XCBuildConfiguration section */

/* Begin XCConfigurationList section */
		C6CFCB32276352BE00F06772 /* Build configuration list for PBXProject "ExMoya" */ = {
			isa = XCConfigurationList;
			buildConfigurations = (
				C6CFCB49276352C100F06772 /* Debug */,
				C6CFCB4A276352C100F06772 /* Release */,
			);
			defaultConfigurationIsVisible = 0;
			defaultConfigurationName = Release;
		};
		C6CFCB4B276352C100F06772 /* Build configuration list for PBXNativeTarget "ExMoya" */ = {
			isa = XCConfigurationList;
			buildConfigurations = (
				C6CFCB4C276352C100F06772 /* Debug */,
				C6CFCB4D276352C100F06772 /* Release */,
			);
			defaultConfigurationIsVisible = 0;
			defaultConfigurationName = Release;
		};
/* End XCConfigurationList section */
	};
	rootObject = C6CFCB2F276352BE00F06772 /* Project object */;
}
